
Microsoft Visual Studio Solution File, Format Version 12.00
# Visual Studio Version 16
VisualStudioVersion = 16.0.28803.352
MinimumVisualStudioVersion = 10.0.40219.1
Project("{FAE04EC0-301F-11D3-BF4B-00C04F79EFBC}") = "Unit05_Prep_MVC", "Unit05_Prep_MVC\Unit05_Prep_MVC.csproj", "{91B480BD-0633-44FA-894E-D778A980BCDA}"
EndProject
Global
	GlobalSection(SolutionConfigurationPlatforms) = preSolution
		Debug|Any CPU = Debug|Any CPU
		Release|Any CPU = Release|Any CPU
	EndGlobalSection
	GlobalSection(ProjectConfigurationPlatforms) = postSolution
		{91B480BD-0633-44FA-894E-D778A980BCDA}.Debug|Any CPU.ActiveCfg = Debug|Any CPU
		{91B480BD-0633-44FA-894E-D778A980BCDA}.Debug|Any CPU.Build.0 = Debug|Any CPU
		{91B480BD-0633-44FA-894E-D778A980BCDA}.Release|Any CPU.ActiveCfg = Release|Any CPU
		{91B480BD-0633-44FA-894E-D778A980BCDA}.Release|Any CPU.Build.0 = Release|Any CPU
	EndGlobalSection
	GlobalSection(SolutionProperties) = preSolution
		HideSolutionNode = FALSE
	EndGlobalSection
	GlobalSection(ExtensibilityGlobals) = postSolution
		SolutionGuid = {7ABB8C6F-CFA0-4D9C-BFB7-22C9F2C82E82}
	EndGlobalSection
EndGlobal
