
Microsoft Visual Studio Solution File, Format Version 12.00
# Visual Studio Version 16
VisualStudioVersion = 16.0.30621.155
MinimumVisualStudioVersion = 10.0.40219.1
Project("{FAE04EC0-301F-11D3-BF4B-00C04F79EFBC}") = "Interfaces_Polymorphism", "Interfaces_Polymorphism\Interfaces_Polymorphism.csproj", "{DDF05B12-7FFF-4DE5-BB77-74B70E11B687}"
EndProject
Project("{FAE04EC0-301F-11D3-BF4B-00C04F79EFBC}") = "PolyIntTests", "PolyIntTests\PolyIntTests.csproj", "{31A36DE7-4B2F-4553-962A-40695B4C3C15}"
EndProject
Global
	GlobalSection(SolutionConfigurationPlatforms) = preSolution
		Debug|Any CPU = Debug|Any CPU
		Release|Any CPU = Release|Any CPU
	EndGlobalSection
	GlobalSection(ProjectConfigurationPlatforms) = postSolution
		{DDF05B12-7FFF-4DE5-BB77-74B70E11B687}.Debug|Any CPU.ActiveCfg = Debug|Any CPU
		{DDF05B12-7FFF-4DE5-BB77-74B70E11B687}.Debug|Any CPU.Build.0 = Debug|Any CPU
		{DDF05B12-7FFF-4DE5-BB77-74B70E11B687}.Release|Any CPU.ActiveCfg = Release|Any CPU
		{DDF05B12-7FFF-4DE5-BB77-74B70E11B687}.Release|Any CPU.Build.0 = Release|Any CPU
		{31A36DE7-4B2F-4553-962A-40695B4C3C15}.Debug|Any CPU.ActiveCfg = Debug|Any CPU
		{31A36DE7-4B2F-4553-962A-40695B4C3C15}.Debug|Any CPU.Build.0 = Debug|Any CPU
		{31A36DE7-4B2F-4553-962A-40695B4C3C15}.Release|Any CPU.ActiveCfg = Release|Any CPU
		{31A36DE7-4B2F-4553-962A-40695B4C3C15}.Release|Any CPU.Build.0 = Release|Any CPU
	EndGlobalSection
	GlobalSection(SolutionProperties) = preSolution
		HideSolutionNode = FALSE
	EndGlobalSection
	GlobalSection(ExtensibilityGlobals) = postSolution
		SolutionGuid = {00505387-317E-41E2-8D46-D6AF88DFA6AE}
	EndGlobalSection
EndGlobal
