
Microsoft Visual Studio Solution File, Format Version 12.00
# Visual Studio Version 16
VisualStudioVersion = 16.0.28803.352
MinimumVisualStudioVersion = 10.0.40219.1
Project("{9A19103F-16F7-4668-BE54-9A1E7A4F7556}") = "Unit03_Studio", "Unit03_Studio1\Unit03_Studio.csproj", "{3EFD8A0B-A38D-4DAB-A3DE-72052BE5DE01}"
EndProject
Global
	GlobalSection(SolutionConfigurationPlatforms) = preSolution
		Debug|Any CPU = Debug|Any CPU
		Release|Any CPU = Release|Any CPU
	EndGlobalSection
	GlobalSection(ProjectConfigurationPlatforms) = postSolution
		{3EFD8A0B-A38D-4DAB-A3DE-72052BE5DE01}.Debug|Any CPU.ActiveCfg = Debug|Any CPU
		{3EFD8A0B-A38D-4DAB-A3DE-72052BE5DE01}.Debug|Any CPU.Build.0 = Debug|Any CPU
		{3EFD8A0B-A38D-4DAB-A3DE-72052BE5DE01}.Release|Any CPU.ActiveCfg = Release|Any CPU
		{3EFD8A0B-A38D-4DAB-A3DE-72052BE5DE01}.Release|Any CPU.Build.0 = Release|Any CPU
	EndGlobalSection
	GlobalSection(SolutionProperties) = preSolution
		HideSolutionNode = FALSE
	EndGlobalSection
	GlobalSection(ExtensibilityGlobals) = postSolution
		SolutionGuid = {9DC9B691-63FD-4491-933F-D8F0A4AED2B7}
	EndGlobalSection
EndGlobal
