
Microsoft Visual Studio Solution File, Format Version 12.00
# Visual Studio Version 16
VisualStudioVersion = 16.0.28803.352
MinimumVisualStudioVersion = 10.0.40219.1
Project("{9A19103F-16F7-4668-BE54-9A1E7A4F7556}") = "Course_LC101", "Course_LC101\Course_LC101.csproj", "{BA94923F-DFFC-4D40-B842-D0F1D0420A4A}"
EndProject
Project("{2150E333-8FDC-42A3-9474-1A3956D46DE8}") = "Unit02", "Unit02", "{D29F091F-9ED8-4AC8-832C-3DFBD4F9CF32}"
EndProject
Project("{9A19103F-16F7-4668-BE54-9A1E7A4F7556}") = "Prep02", "Prep02\Prep02.csproj", "{E298CAC0-9764-44D7-9146-3A6ECEF1C914}"
EndProject
Project("{9A19103F-16F7-4668-BE54-9A1E7A4F7556}") = "Studio02", "Studio02\Studio02.csproj", "{9ABCCC22-5692-4F53-971A-33B67D3A12F2}"
EndProject
Project("{2150E333-8FDC-42A3-9474-1A3956D46DE8}") = "Unit03", "Unit03", "{62B13DCD-97DB-4E4B-8F0E-E87B87E20A21}"
EndProject
Project("{2150E333-8FDC-42A3-9474-1A3956D46DE8}") = "Unit01", "Unit01", "{CF881673-E558-49D7-8D57-B16470E24B57}"
EndProject
Project("{9A19103F-16F7-4668-BE54-9A1E7A4F7556}") = "PrepA", "Prep01\PrepA.csproj", "{7B329FE6-2A08-425C-ACC8-AED34A0D2CA6}"
EndProject
Project("{9A19103F-16F7-4668-BE54-9A1E7A4F7556}") = "PrepB", "PrepB\PrepB.csproj", "{130B93A4-C4DF-4976-81FD-9E384D0CB3FD}"
EndProject
Project("{9A19103F-16F7-4668-BE54-9A1E7A4F7556}") = "PrepMethod", "PrepMethod\PrepMethod.csproj", "{AF2C7ECD-7382-4541-AD8D-917E748B9A07}"
EndProject
Project("{FAE04EC0-301F-11D3-BF4B-00C04F79EFBC}") = "PrepIteration", "PrepIteration\PrepIteration.csproj", "{9E5C45C9-9C5F-4919-881B-724380A97BD8}"
EndProject
Project("{FAE04EC0-301F-11D3-BF4B-00C04F79EFBC}") = "PrepStrings", "PrepStrings\PrepStrings.csproj", "{3FA5DABE-7D37-4303-A9A4-02A0F3F13F1D}"
EndProject
Project("{FAE04EC0-301F-11D3-BF4B-00C04F79EFBC}") = "PrepDateTime", "PrepDateTime\PrepDateTime.csproj", "{77E7E9C1-642E-43DB-8911-EB5ABCAF995A}"
EndProject
Project("{FAE04EC0-301F-11D3-BF4B-00C04F79EFBC}") = "SimpleClasses", "SimpleClasses\SimpleClasses.csproj", "{611C647A-EB34-493D-A164-6A4BA1DAAB2F}"
EndProject
Project("{FAE04EC0-301F-11D3-BF4B-00C04F79EFBC}") = "PrepVariableScope", "PrepVariableScope\PrepVariableScope.csproj", "{A57B52BF-9026-4335-A07F-6840DA37E7FE}"
EndProject
Project("{FAE04EC0-301F-11D3-BF4B-00C04F79EFBC}") = "AssembliesAndNamespaces", "AssembliesAndNamespaces\AssembliesAndNamespaces.csproj", "{47E27146-0903-4BDB-9756-FB89F513CA8D}"
EndProject
Global
	GlobalSection(SolutionConfigurationPlatforms) = preSolution
		Debug|Any CPU = Debug|Any CPU
		Release|Any CPU = Release|Any CPU
	EndGlobalSection
	GlobalSection(ProjectConfigurationPlatforms) = postSolution
		{BA94923F-DFFC-4D40-B842-D0F1D0420A4A}.Debug|Any CPU.ActiveCfg = Debug|Any CPU
		{BA94923F-DFFC-4D40-B842-D0F1D0420A4A}.Debug|Any CPU.Build.0 = Debug|Any CPU
		{BA94923F-DFFC-4D40-B842-D0F1D0420A4A}.Release|Any CPU.ActiveCfg = Release|Any CPU
		{BA94923F-DFFC-4D40-B842-D0F1D0420A4A}.Release|Any CPU.Build.0 = Release|Any CPU
		{E298CAC0-9764-44D7-9146-3A6ECEF1C914}.Debug|Any CPU.ActiveCfg = Debug|Any CPU
		{E298CAC0-9764-44D7-9146-3A6ECEF1C914}.Debug|Any CPU.Build.0 = Debug|Any CPU
		{E298CAC0-9764-44D7-9146-3A6ECEF1C914}.Release|Any CPU.ActiveCfg = Release|Any CPU
		{E298CAC0-9764-44D7-9146-3A6ECEF1C914}.Release|Any CPU.Build.0 = Release|Any CPU
		{9ABCCC22-5692-4F53-971A-33B67D3A12F2}.Debug|Any CPU.ActiveCfg = Debug|Any CPU
		{9ABCCC22-5692-4F53-971A-33B67D3A12F2}.Debug|Any CPU.Build.0 = Debug|Any CPU
		{9ABCCC22-5692-4F53-971A-33B67D3A12F2}.Release|Any CPU.ActiveCfg = Release|Any CPU
		{9ABCCC22-5692-4F53-971A-33B67D3A12F2}.Release|Any CPU.Build.0 = Release|Any CPU
		{7B329FE6-2A08-425C-ACC8-AED34A0D2CA6}.Debug|Any CPU.ActiveCfg = Debug|Any CPU
		{7B329FE6-2A08-425C-ACC8-AED34A0D2CA6}.Debug|Any CPU.Build.0 = Debug|Any CPU
		{7B329FE6-2A08-425C-ACC8-AED34A0D2CA6}.Release|Any CPU.ActiveCfg = Release|Any CPU
		{7B329FE6-2A08-425C-ACC8-AED34A0D2CA6}.Release|Any CPU.Build.0 = Release|Any CPU
		{130B93A4-C4DF-4976-81FD-9E384D0CB3FD}.Debug|Any CPU.ActiveCfg = Debug|Any CPU
		{130B93A4-C4DF-4976-81FD-9E384D0CB3FD}.Debug|Any CPU.Build.0 = Debug|Any CPU
		{130B93A4-C4DF-4976-81FD-9E384D0CB3FD}.Release|Any CPU.ActiveCfg = Release|Any CPU
		{130B93A4-C4DF-4976-81FD-9E384D0CB3FD}.Release|Any CPU.Build.0 = Release|Any CPU
		{AF2C7ECD-7382-4541-AD8D-917E748B9A07}.Debug|Any CPU.ActiveCfg = Debug|Any CPU
		{AF2C7ECD-7382-4541-AD8D-917E748B9A07}.Debug|Any CPU.Build.0 = Debug|Any CPU
		{AF2C7ECD-7382-4541-AD8D-917E748B9A07}.Release|Any CPU.ActiveCfg = Release|Any CPU
		{AF2C7ECD-7382-4541-AD8D-917E748B9A07}.Release|Any CPU.Build.0 = Release|Any CPU
		{9E5C45C9-9C5F-4919-881B-724380A97BD8}.Debug|Any CPU.ActiveCfg = Debug|Any CPU
		{9E5C45C9-9C5F-4919-881B-724380A97BD8}.Debug|Any CPU.Build.0 = Debug|Any CPU
		{9E5C45C9-9C5F-4919-881B-724380A97BD8}.Release|Any CPU.ActiveCfg = Release|Any CPU
		{9E5C45C9-9C5F-4919-881B-724380A97BD8}.Release|Any CPU.Build.0 = Release|Any CPU
		{3FA5DABE-7D37-4303-A9A4-02A0F3F13F1D}.Debug|Any CPU.ActiveCfg = Debug|Any CPU
		{3FA5DABE-7D37-4303-A9A4-02A0F3F13F1D}.Debug|Any CPU.Build.0 = Debug|Any CPU
		{3FA5DABE-7D37-4303-A9A4-02A0F3F13F1D}.Release|Any CPU.ActiveCfg = Release|Any CPU
		{3FA5DABE-7D37-4303-A9A4-02A0F3F13F1D}.Release|Any CPU.Build.0 = Release|Any CPU
		{77E7E9C1-642E-43DB-8911-EB5ABCAF995A}.Debug|Any CPU.ActiveCfg = Debug|Any CPU
		{77E7E9C1-642E-43DB-8911-EB5ABCAF995A}.Debug|Any CPU.Build.0 = Debug|Any CPU
		{77E7E9C1-642E-43DB-8911-EB5ABCAF995A}.Release|Any CPU.ActiveCfg = Release|Any CPU
		{77E7E9C1-642E-43DB-8911-EB5ABCAF995A}.Release|Any CPU.Build.0 = Release|Any CPU
		{611C647A-EB34-493D-A164-6A4BA1DAAB2F}.Debug|Any CPU.ActiveCfg = Debug|Any CPU
		{611C647A-EB34-493D-A164-6A4BA1DAAB2F}.Debug|Any CPU.Build.0 = Debug|Any CPU
		{611C647A-EB34-493D-A164-6A4BA1DAAB2F}.Release|Any CPU.ActiveCfg = Release|Any CPU
		{611C647A-EB34-493D-A164-6A4BA1DAAB2F}.Release|Any CPU.Build.0 = Release|Any CPU
		{A57B52BF-9026-4335-A07F-6840DA37E7FE}.Debug|Any CPU.ActiveCfg = Debug|Any CPU
		{A57B52BF-9026-4335-A07F-6840DA37E7FE}.Debug|Any CPU.Build.0 = Debug|Any CPU
		{A57B52BF-9026-4335-A07F-6840DA37E7FE}.Release|Any CPU.ActiveCfg = Release|Any CPU
		{A57B52BF-9026-4335-A07F-6840DA37E7FE}.Release|Any CPU.Build.0 = Release|Any CPU
		{47E27146-0903-4BDB-9756-FB89F513CA8D}.Debug|Any CPU.ActiveCfg = Debug|Any CPU
		{47E27146-0903-4BDB-9756-FB89F513CA8D}.Debug|Any CPU.Build.0 = Debug|Any CPU
		{47E27146-0903-4BDB-9756-FB89F513CA8D}.Release|Any CPU.ActiveCfg = Release|Any CPU
		{47E27146-0903-4BDB-9756-FB89F513CA8D}.Release|Any CPU.Build.0 = Release|Any CPU
	EndGlobalSection
	GlobalSection(SolutionProperties) = preSolution
		HideSolutionNode = FALSE
	EndGlobalSection
	GlobalSection(NestedProjects) = preSolution
		{E298CAC0-9764-44D7-9146-3A6ECEF1C914} = {D29F091F-9ED8-4AC8-832C-3DFBD4F9CF32}
		{9ABCCC22-5692-4F53-971A-33B67D3A12F2} = {D29F091F-9ED8-4AC8-832C-3DFBD4F9CF32}
		{7B329FE6-2A08-425C-ACC8-AED34A0D2CA6} = {CF881673-E558-49D7-8D57-B16470E24B57}
		{130B93A4-C4DF-4976-81FD-9E384D0CB3FD} = {CF881673-E558-49D7-8D57-B16470E24B57}
		{AF2C7ECD-7382-4541-AD8D-917E748B9A07} = {CF881673-E558-49D7-8D57-B16470E24B57}
		{9E5C45C9-9C5F-4919-881B-724380A97BD8} = {CF881673-E558-49D7-8D57-B16470E24B57}
		{3FA5DABE-7D37-4303-A9A4-02A0F3F13F1D} = {CF881673-E558-49D7-8D57-B16470E24B57}
		{77E7E9C1-642E-43DB-8911-EB5ABCAF995A} = {CF881673-E558-49D7-8D57-B16470E24B57}
		{611C647A-EB34-493D-A164-6A4BA1DAAB2F} = {CF881673-E558-49D7-8D57-B16470E24B57}
		{A57B52BF-9026-4335-A07F-6840DA37E7FE} = {CF881673-E558-49D7-8D57-B16470E24B57}
		{47E27146-0903-4BDB-9756-FB89F513CA8D} = {CF881673-E558-49D7-8D57-B16470E24B57}
	EndGlobalSection
	GlobalSection(ExtensibilityGlobals) = postSolution
		SolutionGuid = {09FC8392-F9F6-49DD-A85A-03D255E91EEC}
	EndGlobalSection
EndGlobal
