
Microsoft Visual Studio Solution File, Format Version 12.00
# Visual Studio Version 16
VisualStudioVersion = 16.0.28803.352
MinimumVisualStudioVersion = 10.0.40219.1
Project("{9A19103F-16F7-4668-BE54-9A1E7A4F7556}") = "Course_LC101", "Course_LC101\Course_LC101.csproj", "{BA94923F-DFFC-4D40-B842-D0F1D0420A4A}"
EndProject
Project("{2150E333-8FDC-42A3-9474-1A3956D46DE8}") = "Unit02", "Unit02", "{D29F091F-9ED8-4AC8-832C-3DFBD4F9CF32}"
EndProject
Project("{9A19103F-16F7-4668-BE54-9A1E7A4F7556}") = "Prep02", "Prep02\Prep02.csproj", "{E298CAC0-9764-44D7-9146-3A6ECEF1C914}"
EndProject
Project("{9A19103F-16F7-4668-BE54-9A1E7A4F7556}") = "Studio02", "Studio02\Studio02.csproj", "{9ABCCC22-5692-4F53-971A-33B67D3A12F2}"
EndProject
Project("{2150E333-8FDC-42A3-9474-1A3956D46DE8}") = "Unit03", "Unit03", "{62B13DCD-97DB-4E4B-8F0E-E87B87E20A21}"
EndProject
Project("{2150E333-8FDC-42A3-9474-1A3956D46DE8}") = "Unit01", "Unit01", "{CF881673-E558-49D7-8D57-B16470E24B57}"
EndProject
Project("{9A19103F-16F7-4668-BE54-9A1E7A4F7556}") = "PrepA", "Prep01\PrepA.csproj", "{7B329FE6-2A08-425C-ACC8-AED34A0D2CA6}"
EndProject
Project("{FAE04EC0-301F-11D3-BF4B-00C04F79EFBC}") = "PrepB", "PrepB\PrepB.csproj", "{130B93A4-C4DF-4976-81FD-9E384D0CB3FD}"
EndProject
Project("{FAE04EC0-301F-11D3-BF4B-00C04F79EFBC}") = "PrepMethod", "PrepMethod\PrepMethod.csproj", "{AF2C7ECD-7382-4541-AD8D-917E748B9A07}"
EndProject
Global
	GlobalSection(SolutionConfigurationPlatforms) = preSolution
		Debug|Any CPU = Debug|Any CPU
		Release|Any CPU = Release|Any CPU
	EndGlobalSection
	GlobalSection(ProjectConfigurationPlatforms) = postSolution
		{BA94923F-DFFC-4D40-B842-D0F1D0420A4A}.Debug|Any CPU.ActiveCfg = Debug|Any CPU
		{BA94923F-DFFC-4D40-B842-D0F1D0420A4A}.Debug|Any CPU.Build.0 = Debug|Any CPU
		{BA94923F-DFFC-4D40-B842-D0F1D0420A4A}.Release|Any CPU.ActiveCfg = Release|Any CPU
		{BA94923F-DFFC-4D40-B842-D0F1D0420A4A}.Release|Any CPU.Build.0 = Release|Any CPU
		{E298CAC0-9764-44D7-9146-3A6ECEF1C914}.Debug|Any CPU.ActiveCfg = Debug|Any CPU
		{E298CAC0-9764-44D7-9146-3A6ECEF1C914}.Debug|Any CPU.Build.0 = Debug|Any CPU
		{E298CAC0-9764-44D7-9146-3A6ECEF1C914}.Release|Any CPU.ActiveCfg = Release|Any CPU
		{E298CAC0-9764-44D7-9146-3A6ECEF1C914}.Release|Any CPU.Build.0 = Release|Any CPU
		{9ABCCC22-5692-4F53-971A-33B67D3A12F2}.Debug|Any CPU.ActiveCfg = Debug|Any CPU
		{9ABCCC22-5692-4F53-971A-33B67D3A12F2}.Debug|Any CPU.Build.0 = Debug|Any CPU
		{9ABCCC22-5692-4F53-971A-33B67D3A12F2}.Release|Any CPU.ActiveCfg = Release|Any CPU
		{9ABCCC22-5692-4F53-971A-33B67D3A12F2}.Release|Any CPU.Build.0 = Release|Any CPU
		{7B329FE6-2A08-425C-ACC8-AED34A0D2CA6}.Debug|Any CPU.ActiveCfg = Debug|Any CPU
		{7B329FE6-2A08-425C-ACC8-AED34A0D2CA6}.Debug|Any CPU.Build.0 = Debug|Any CPU
		{7B329FE6-2A08-425C-ACC8-AED34A0D2CA6}.Release|Any CPU.ActiveCfg = Release|Any CPU
		{7B329FE6-2A08-425C-ACC8-AED34A0D2CA6}.Release|Any CPU.Build.0 = Release|Any CPU
		{130B93A4-C4DF-4976-81FD-9E384D0CB3FD}.Debug|Any CPU.ActiveCfg = Debug|Any CPU
		{130B93A4-C4DF-4976-81FD-9E384D0CB3FD}.Debug|Any CPU.Build.0 = Debug|Any CPU
		{130B93A4-C4DF-4976-81FD-9E384D0CB3FD}.Release|Any CPU.ActiveCfg = Release|Any CPU
		{130B93A4-C4DF-4976-81FD-9E384D0CB3FD}.Release|Any CPU.Build.0 = Release|Any CPU
		{AF2C7ECD-7382-4541-AD8D-917E748B9A07}.Debug|Any CPU.ActiveCfg = Debug|Any CPU
		{AF2C7ECD-7382-4541-AD8D-917E748B9A07}.Debug|Any CPU.Build.0 = Debug|Any CPU
		{AF2C7ECD-7382-4541-AD8D-917E748B9A07}.Release|Any CPU.ActiveCfg = Release|Any CPU
		{AF2C7ECD-7382-4541-AD8D-917E748B9A07}.Release|Any CPU.Build.0 = Release|Any CPU
	EndGlobalSection
	GlobalSection(SolutionProperties) = preSolution
		HideSolutionNode = FALSE
	EndGlobalSection
	GlobalSection(NestedProjects) = preSolution
		{E298CAC0-9764-44D7-9146-3A6ECEF1C914} = {D29F091F-9ED8-4AC8-832C-3DFBD4F9CF32}
		{9ABCCC22-5692-4F53-971A-33B67D3A12F2} = {D29F091F-9ED8-4AC8-832C-3DFBD4F9CF32}
		{7B329FE6-2A08-425C-ACC8-AED34A0D2CA6} = {CF881673-E558-49D7-8D57-B16470E24B57}
		{130B93A4-C4DF-4976-81FD-9E384D0CB3FD} = {CF881673-E558-49D7-8D57-B16470E24B57}
		{AF2C7ECD-7382-4541-AD8D-917E748B9A07} = {CF881673-E558-49D7-8D57-B16470E24B57}
	EndGlobalSection
	GlobalSection(ExtensibilityGlobals) = postSolution
		SolutionGuid = {09FC8392-F9F6-49DD-A85A-03D255E91EEC}
	EndGlobalSection
EndGlobal
