
Microsoft Visual Studio Solution File, Format Version 12.00
# Visual Studio Version 16
VisualStudioVersion = 16.0.30621.155
MinimumVisualStudioVersion = 10.0.40219.1
Project("{FAE04EC0-301F-11D3-BF4B-00C04F79EFBC}") = "Inheritance", "Inheritance\Inheritance.csproj", "{01531824-CF04-4CE2-8982-6073D1805239}"
EndProject
Project("{FAE04EC0-301F-11D3-BF4B-00C04F79EFBC}") = "InheritanceTests", "InheritanceTests\InheritanceTests.csproj", "{C7F9307D-2828-4C71-9846-E0D8C93B0E4E}"
EndProject
Global
	GlobalSection(SolutionConfigurationPlatforms) = preSolution
		Debug|Any CPU = Debug|Any CPU
		Release|Any CPU = Release|Any CPU
	EndGlobalSection
	GlobalSection(ProjectConfigurationPlatforms) = postSolution
		{01531824-CF04-4CE2-8982-6073D1805239}.Debug|Any CPU.ActiveCfg = Debug|Any CPU
		{01531824-CF04-4CE2-8982-6073D1805239}.Debug|Any CPU.Build.0 = Debug|Any CPU
		{01531824-CF04-4CE2-8982-6073D1805239}.Release|Any CPU.ActiveCfg = Release|Any CPU
		{01531824-CF04-4CE2-8982-6073D1805239}.Release|Any CPU.Build.0 = Release|Any CPU
		{C7F9307D-2828-4C71-9846-E0D8C93B0E4E}.Debug|Any CPU.ActiveCfg = Debug|Any CPU
		{C7F9307D-2828-4C71-9846-E0D8C93B0E4E}.Debug|Any CPU.Build.0 = Debug|Any CPU
		{C7F9307D-2828-4C71-9846-E0D8C93B0E4E}.Release|Any CPU.ActiveCfg = Release|Any CPU
		{C7F9307D-2828-4C71-9846-E0D8C93B0E4E}.Release|Any CPU.Build.0 = Release|Any CPU
	EndGlobalSection
	GlobalSection(SolutionProperties) = preSolution
		HideSolutionNode = FALSE
	EndGlobalSection
	GlobalSection(ExtensibilityGlobals) = postSolution
		SolutionGuid = {246BB93D-42E6-4D37-97F8-AAA8110A7E72}
	EndGlobalSection
EndGlobal
